
Microsoft Visual Studio Solution File, Format Version 12.00
# Visual Studio Version 17
VisualStudioVersion = 17.3.32519.111
MinimumVisualStudioVersion = 10.0.40219.1
Project("{9A19103F-16F7-4668-BE54-9A1E7A4F7556}") = "BlipBloopBotTests", "BlipBloopBotTests\BlipBloopBotTests.csproj", "{659700B5-B4D2-4294-BF2F-87BCDDAFCB4C}"
EndProject
Project("{9A19103F-16F7-4668-BE54-9A1E7A4F7556}") = "BlipBloopBot", "BlipBloopBot\BlipBloopBot.csproj", "{D081B22C-07D7-4286-B426-774B3F76DD53}"
EndProject
Project("{9A19103F-16F7-4668-BE54-9A1E7A4F7556}") = "TwitchCategoriesCrawler", "TwitchCategoriesCrawler\TwitchCategoriesCrawler.csproj", "{091EE541-324E-4472-A4F6-D269154720F6}"
EndProject
Project("{9A19103F-16F7-4668-BE54-9A1E7A4F7556}") = "BlipBloopCommands", "BlipBloopCommands\BlipBloopCommands.csproj", "{93A65F5D-67E7-4C93-89DC-528F881F4B23}"
EndProject
Project("{9A19103F-16F7-4668-BE54-9A1E7A4F7556}") = "BlipBloopWeb", "BlipBloopWeb\BlipBloopWeb.csproj", "{AAA080FD-B95E-48A8-BECA-BE4EC1697986}"
EndProject
Project("{9A19103F-16F7-4668-BE54-9A1E7A4F7556}") = "BotWorkerService", "BotWorkerService\BotWorkerService.csproj", "{264CC3DF-91BC-4A75-B46C-602ADE3DEB4D}"
EndProject
Project("{9A19103F-16F7-4668-BE54-9A1E7A4F7556}") = "BotServiceGrain", "BotServiceGrain\BotServiceGrain.csproj", "{7E7BFD35-1EED-45C5-8801-FE6F603EF6C7}"
EndProject
Project("{9A19103F-16F7-4668-BE54-9A1E7A4F7556}") = "BotServiceGrainInterface", "BotServiceGrainInterface\BotServiceGrainInterface.csproj", "{EA4AC967-84ED-46D9-A814-33658FA590FA}"
EndProject
Project("{E53339B2-1760-4266-BCC7-CA923CBCF16C}") = "docker-compose", "docker-compose.dcproj", "{0438BF25-6659-44F2-BB47-546A2B1F3465}"
EndProject
Project("{9A19103F-16F7-4668-BE54-9A1E7A4F7556}") = "Conceptoire.Twitch.Abstractions", "Conceptoire.Twitch.Abstractions\Conceptoire.Twitch.Abstractions.csproj", "{AED5CFDD-F043-4EBA-A5C6-5987BADD3FCF}"
EndProject
Project("{9A19103F-16F7-4668-BE54-9A1E7A4F7556}") = "Conceptoire.Twitch", "Conceptoire.Twitch\Conceptoire.Twitch.csproj", "{DC9C993A-CD19-4616-8F5A-386B43A1445A}"
EndProject
Project("{FAE04EC0-301F-11D3-BF4B-00C04F79EFBC}") = "BlipBloopBot.AppHost", "BlipBloopBot.AppHost\BlipBloopBot.AppHost.csproj", "{21539811-38A1-4FD2-BD65-5F6421123D49}"
EndProject
Project("{9A19103F-16F7-4668-BE54-9A1E7A4F7556}") = "BlipBloopBot.ServiceDefaults", "BlipBloopBot.ServiceDefaults\BlipBloopBot.ServiceDefaults.csproj", "{ED3DA6AA-DF58-4FA6-BDA7-6E6100219A18}"
EndProject
Global
	GlobalSection(SolutionConfigurationPlatforms) = preSolution
		Debug|Any CPU = Debug|Any CPU
		Debug|x86 = Debug|x86
		Release|Any CPU = Release|Any CPU
		Release|x86 = Release|x86
	EndGlobalSection
	GlobalSection(ProjectConfigurationPlatforms) = postSolution
		{659700B5-B4D2-4294-BF2F-87BCDDAFCB4C}.Debug|Any CPU.ActiveCfg = Debug|Any CPU
		{659700B5-B4D2-4294-BF2F-87BCDDAFCB4C}.Debug|Any CPU.Build.0 = Debug|Any CPU
		{659700B5-B4D2-4294-BF2F-87BCDDAFCB4C}.Debug|x86.ActiveCfg = Debug|Any CPU
		{659700B5-B4D2-4294-BF2F-87BCDDAFCB4C}.Debug|x86.Build.0 = Debug|Any CPU
		{659700B5-B4D2-4294-BF2F-87BCDDAFCB4C}.Release|Any CPU.ActiveCfg = Release|Any CPU
		{659700B5-B4D2-4294-BF2F-87BCDDAFCB4C}.Release|Any CPU.Build.0 = Release|Any CPU
		{659700B5-B4D2-4294-BF2F-87BCDDAFCB4C}.Release|x86.ActiveCfg = Release|Any CPU
		{659700B5-B4D2-4294-BF2F-87BCDDAFCB4C}.Release|x86.Build.0 = Release|Any CPU
		{D081B22C-07D7-4286-B426-774B3F76DD53}.Debug|Any CPU.ActiveCfg = Debug|Any CPU
		{D081B22C-07D7-4286-B426-774B3F76DD53}.Debug|Any CPU.Build.0 = Debug|Any CPU
		{D081B22C-07D7-4286-B426-774B3F76DD53}.Debug|x86.ActiveCfg = Debug|Any CPU
		{D081B22C-07D7-4286-B426-774B3F76DD53}.Debug|x86.Build.0 = Debug|Any CPU
		{D081B22C-07D7-4286-B426-774B3F76DD53}.Release|Any CPU.ActiveCfg = Release|Any CPU
		{D081B22C-07D7-4286-B426-774B3F76DD53}.Release|Any CPU.Build.0 = Release|Any CPU
		{D081B22C-07D7-4286-B426-774B3F76DD53}.Release|x86.ActiveCfg = Release|Any CPU
		{D081B22C-07D7-4286-B426-774B3F76DD53}.Release|x86.Build.0 = Release|Any CPU
		{091EE541-324E-4472-A4F6-D269154720F6}.Debug|Any CPU.ActiveCfg = Debug|Any CPU
		{091EE541-324E-4472-A4F6-D269154720F6}.Debug|Any CPU.Build.0 = Debug|Any CPU
		{091EE541-324E-4472-A4F6-D269154720F6}.Debug|x86.ActiveCfg = Debug|Any CPU
		{091EE541-324E-4472-A4F6-D269154720F6}.Debug|x86.Build.0 = Debug|Any CPU
		{091EE541-324E-4472-A4F6-D269154720F6}.Release|Any CPU.ActiveCfg = Release|Any CPU
		{091EE541-324E-4472-A4F6-D269154720F6}.Release|Any CPU.Build.0 = Release|Any CPU
		{091EE541-324E-4472-A4F6-D269154720F6}.Release|x86.ActiveCfg = Release|Any CPU
		{091EE541-324E-4472-A4F6-D269154720F6}.Release|x86.Build.0 = Release|Any CPU
		{93A65F5D-67E7-4C93-89DC-528F881F4B23}.Debug|Any CPU.ActiveCfg = Debug|Any CPU
		{93A65F5D-67E7-4C93-89DC-528F881F4B23}.Debug|Any CPU.Build.0 = Debug|Any CPU
		{93A65F5D-67E7-4C93-89DC-528F881F4B23}.Debug|x86.ActiveCfg = Debug|Any CPU
		{93A65F5D-67E7-4C93-89DC-528F881F4B23}.Debug|x86.Build.0 = Debug|Any CPU
		{93A65F5D-67E7-4C93-89DC-528F881F4B23}.Release|Any CPU.ActiveCfg = Release|Any CPU
		{93A65F5D-67E7-4C93-89DC-528F881F4B23}.Release|Any CPU.Build.0 = Release|Any CPU
		{93A65F5D-67E7-4C93-89DC-528F881F4B23}.Release|x86.ActiveCfg = Release|Any CPU
		{93A65F5D-67E7-4C93-89DC-528F881F4B23}.Release|x86.Build.0 = Release|Any CPU
		{AAA080FD-B95E-48A8-BECA-BE4EC1697986}.Debug|Any CPU.ActiveCfg = Debug|Any CPU
		{AAA080FD-B95E-48A8-BECA-BE4EC1697986}.Debug|Any CPU.Build.0 = Debug|Any CPU
		{AAA080FD-B95E-48A8-BECA-BE4EC1697986}.Debug|x86.ActiveCfg = Debug|Any CPU
		{AAA080FD-B95E-48A8-BECA-BE4EC1697986}.Debug|x86.Build.0 = Debug|Any CPU
		{AAA080FD-B95E-48A8-BECA-BE4EC1697986}.Release|Any CPU.ActiveCfg = Release|Any CPU
		{AAA080FD-B95E-48A8-BECA-BE4EC1697986}.Release|Any CPU.Build.0 = Release|Any CPU
		{AAA080FD-B95E-48A8-BECA-BE4EC1697986}.Release|x86.ActiveCfg = Release|Any CPU
		{AAA080FD-B95E-48A8-BECA-BE4EC1697986}.Release|x86.Build.0 = Release|Any CPU
		{264CC3DF-91BC-4A75-B46C-602ADE3DEB4D}.Debug|Any CPU.ActiveCfg = Debug|Any CPU
		{264CC3DF-91BC-4A75-B46C-602ADE3DEB4D}.Debug|Any CPU.Build.0 = Debug|Any CPU
		{264CC3DF-91BC-4A75-B46C-602ADE3DEB4D}.Debug|x86.ActiveCfg = Debug|Any CPU
		{264CC3DF-91BC-4A75-B46C-602ADE3DEB4D}.Debug|x86.Build.0 = Debug|Any CPU
		{264CC3DF-91BC-4A75-B46C-602ADE3DEB4D}.Release|Any CPU.ActiveCfg = Release|Any CPU
		{264CC3DF-91BC-4A75-B46C-602ADE3DEB4D}.Release|Any CPU.Build.0 = Release|Any CPU
		{264CC3DF-91BC-4A75-B46C-602ADE3DEB4D}.Release|x86.ActiveCfg = Release|Any CPU
		{264CC3DF-91BC-4A75-B46C-602ADE3DEB4D}.Release|x86.Build.0 = Release|Any CPU
		{7E7BFD35-1EED-45C5-8801-FE6F603EF6C7}.Debug|Any CPU.ActiveCfg = Debug|Any CPU
		{7E7BFD35-1EED-45C5-8801-FE6F603EF6C7}.Debug|Any CPU.Build.0 = Debug|Any CPU
		{7E7BFD35-1EED-45C5-8801-FE6F603EF6C7}.Debug|x86.ActiveCfg = Debug|Any CPU
		{7E7BFD35-1EED-45C5-8801-FE6F603EF6C7}.Debug|x86.Build.0 = Debug|Any CPU
		{7E7BFD35-1EED-45C5-8801-FE6F603EF6C7}.Release|Any CPU.ActiveCfg = Release|Any CPU
		{7E7BFD35-1EED-45C5-8801-FE6F603EF6C7}.Release|Any CPU.Build.0 = Release|Any CPU
		{7E7BFD35-1EED-45C5-8801-FE6F603EF6C7}.Release|x86.ActiveCfg = Release|Any CPU
		{7E7BFD35-1EED-45C5-8801-FE6F603EF6C7}.Release|x86.Build.0 = Release|Any CPU
		{EA4AC967-84ED-46D9-A814-33658FA590FA}.Debug|Any CPU.ActiveCfg = Debug|Any CPU
		{EA4AC967-84ED-46D9-A814-33658FA590FA}.Debug|Any CPU.Build.0 = Debug|Any CPU
		{EA4AC967-84ED-46D9-A814-33658FA590FA}.Debug|x86.ActiveCfg = Debug|Any CPU
		{EA4AC967-84ED-46D9-A814-33658FA590FA}.Debug|x86.Build.0 = Debug|Any CPU
		{EA4AC967-84ED-46D9-A814-33658FA590FA}.Release|Any CPU.ActiveCfg = Release|Any CPU
		{EA4AC967-84ED-46D9-A814-33658FA590FA}.Release|Any CPU.Build.0 = Release|Any CPU
		{EA4AC967-84ED-46D9-A814-33658FA590FA}.Release|x86.ActiveCfg = Release|Any CPU
		{EA4AC967-84ED-46D9-A814-33658FA590FA}.Release|x86.Build.0 = Release|Any CPU
		{0438BF25-6659-44F2-BB47-546A2B1F3465}.Debug|Any CPU.ActiveCfg = Debug|Any CPU
		{0438BF25-6659-44F2-BB47-546A2B1F3465}.Debug|Any CPU.Build.0 = Debug|Any CPU
		{0438BF25-6659-44F2-BB47-546A2B1F3465}.Debug|x86.ActiveCfg = Debug|Any CPU
		{0438BF25-6659-44F2-BB47-546A2B1F3465}.Debug|x86.Build.0 = Debug|Any CPU
		{0438BF25-6659-44F2-BB47-546A2B1F3465}.Release|Any CPU.ActiveCfg = Release|Any CPU
		{0438BF25-6659-44F2-BB47-546A2B1F3465}.Release|Any CPU.Build.0 = Release|Any CPU
		{0438BF25-6659-44F2-BB47-546A2B1F3465}.Release|x86.ActiveCfg = Release|Any CPU
		{0438BF25-6659-44F2-BB47-546A2B1F3465}.Release|x86.Build.0 = Release|Any CPU
		{AED5CFDD-F043-4EBA-A5C6-5987BADD3FCF}.Debug|Any CPU.ActiveCfg = Debug|Any CPU
		{AED5CFDD-F043-4EBA-A5C6-5987BADD3FCF}.Debug|Any CPU.Build.0 = Debug|Any CPU
		{AED5CFDD-F043-4EBA-A5C6-5987BADD3FCF}.Debug|x86.ActiveCfg = Debug|Any CPU
		{AED5CFDD-F043-4EBA-A5C6-5987BADD3FCF}.Debug|x86.Build.0 = Debug|Any CPU
		{AED5CFDD-F043-4EBA-A5C6-5987BADD3FCF}.Release|Any CPU.ActiveCfg = Release|Any CPU
		{AED5CFDD-F043-4EBA-A5C6-5987BADD3FCF}.Release|Any CPU.Build.0 = Release|Any CPU
		{AED5CFDD-F043-4EBA-A5C6-5987BADD3FCF}.Release|x86.ActiveCfg = Release|Any CPU
		{AED5CFDD-F043-4EBA-A5C6-5987BADD3FCF}.Release|x86.Build.0 = Release|Any CPU
		{DC9C993A-CD19-4616-8F5A-386B43A1445A}.Debug|Any CPU.ActiveCfg = Debug|Any CPU
		{DC9C993A-CD19-4616-8F5A-386B43A1445A}.Debug|Any CPU.Build.0 = Debug|Any CPU
		{DC9C993A-CD19-4616-8F5A-386B43A1445A}.Debug|x86.ActiveCfg = Debug|Any CPU
		{DC9C993A-CD19-4616-8F5A-386B43A1445A}.Debug|x86.Build.0 = Debug|Any CPU
		{DC9C993A-CD19-4616-8F5A-386B43A1445A}.Release|Any CPU.ActiveCfg = Release|Any CPU
		{DC9C993A-CD19-4616-8F5A-386B43A1445A}.Release|Any CPU.Build.0 = Release|Any CPU
		{DC9C993A-CD19-4616-8F5A-386B43A1445A}.Release|x86.ActiveCfg = Release|Any CPU
		{DC9C993A-CD19-4616-8F5A-386B43A1445A}.Release|x86.Build.0 = Release|Any CPU
		{21539811-38A1-4FD2-BD65-5F6421123D49}.Debug|Any CPU.ActiveCfg = Debug|Any CPU
		{21539811-38A1-4FD2-BD65-5F6421123D49}.Debug|Any CPU.Build.0 = Debug|Any CPU
		{21539811-38A1-4FD2-BD65-5F6421123D49}.Debug|x86.ActiveCfg = Debug|Any CPU
		{21539811-38A1-4FD2-BD65-5F6421123D49}.Debug|x86.Build.0 = Debug|Any CPU
		{21539811-38A1-4FD2-BD65-5F6421123D49}.Release|Any CPU.ActiveCfg = Release|Any CPU
		{21539811-38A1-4FD2-BD65-5F6421123D49}.Release|Any CPU.Build.0 = Release|Any CPU
		{21539811-38A1-4FD2-BD65-5F6421123D49}.Release|x86.ActiveCfg = Release|Any CPU
		{21539811-38A1-4FD2-BD65-5F6421123D49}.Release|x86.Build.0 = Release|Any CPU
		{ED3DA6AA-DF58-4FA6-BDA7-6E6100219A18}.Debug|Any CPU.ActiveCfg = Debug|Any CPU
		{ED3DA6AA-DF58-4FA6-BDA7-6E6100219A18}.Debug|Any CPU.Build.0 = Debug|Any CPU
		{ED3DA6AA-DF58-4FA6-BDA7-6E6100219A18}.Debug|x86.ActiveCfg = Debug|Any CPU
		{ED3DA6AA-DF58-4FA6-BDA7-6E6100219A18}.Debug|x86.Build.0 = Debug|Any CPU
		{ED3DA6AA-DF58-4FA6-BDA7-6E6100219A18}.Release|Any CPU.ActiveCfg = Release|Any CPU
		{ED3DA6AA-DF58-4FA6-BDA7-6E6100219A18}.Release|Any CPU.Build.0 = Release|Any CPU
		{ED3DA6AA-DF58-4FA6-BDA7-6E6100219A18}.Release|x86.ActiveCfg = Release|Any CPU
		{ED3DA6AA-DF58-4FA6-BDA7-6E6100219A18}.Release|x86.Build.0 = Release|Any CPU
	EndGlobalSection
	GlobalSection(SolutionProperties) = preSolution
		HideSolutionNode = FALSE
	EndGlobalSection
	GlobalSection(ExtensibilityGlobals) = postSolution
		SolutionGuid = {8523A898-193D-4874-8482-BC37BAE05D88}
	EndGlobalSection
EndGlobal
